
Microsoft Visual Studio Solution File, Format Version 12.00
# Visual Studio Version 17
VisualStudioVersion = 17.5.33530.505
MinimumVisualStudioVersion = 10.0.40219.1
Project("{FAE04EC0-301F-11D3-BF4B-00C04F79EFBC}") = "Test1", "Test1\Test1.csproj", "{DAAE91E3-AFA4-4560-A6D0-1375310322A1}"
EndProject
Global
	GlobalSection(SolutionConfigurationPlatforms) = preSolution
		Debug|Any CPU = Debug|Any CPU
		Release|Any CPU = Release|Any CPU
	EndGlobalSection
	GlobalSection(ProjectConfigurationPlatforms) = postSolution
		{DAAE91E3-AFA4-4560-A6D0-1375310322A1}.Debug|Any CPU.ActiveCfg = Debug|Any CPU
		{DAAE91E3-AFA4-4560-A6D0-1375310322A1}.Debug|Any CPU.Build.0 = Debug|Any CPU
		{DAAE91E3-AFA4-4560-A6D0-1375310322A1}.Release|Any CPU.ActiveCfg = Release|Any CPU
		{DAAE91E3-AFA4-4560-A6D0-1375310322A1}.Release|Any CPU.Build.0 = Release|Any CPU
	EndGlobalSection
	GlobalSection(SolutionProperties) = preSolution
		HideSolutionNode = FALSE
	EndGlobalSection
	GlobalSection(ExtensibilityGlobals) = postSolution
		SolutionGuid = {970920BE-035E-4617-9378-38862ACC24B5}
	EndGlobalSection
EndGlobal
